
Microsoft Visual Studio Solution File, Format Version 12.00
# Visual Studio Version 17
VisualStudioVersion = 17.14.36414.22
MinimumVisualStudioVersion = 10.0.40219.1
Project("{2150E333-8FDC-42A3-9474-1A3956D46DE8}") = "src", "src", "{02EA681E-C7D8-13C7-8484-4AC65E1B71E8}"
EndProject
Project("{2150E333-8FDC-42A3-9474-1A3956D46DE8}") = "02.Infrastructure", "02.Infrastructure", "{D3D009D4-F8FA-49EA-ADA9-A6E8F9010EFC}"
EndProject
Project("{2150E333-8FDC-42A3-9474-1A3956D46DE8}") = "01.Domain", "01.Domain", "{7BF53CEA-BBEA-4B23-AB41-59B6CD8D2B37}"
EndProject
Project("{2150E333-8FDC-42A3-9474-1A3956D46DE8}") = "04.Presentation", "04.Presentation", "{6E696498-1182-4C26-B3C9-5AC1C0C6AE63}"
EndProject
Project("{FAE04EC0-301F-11D3-BF4B-00C04F79EFBC}") = "MaktabGram.Infrastructure.EfCore", "src\03.Infrastructure\MaktabGram.Infrastructure.EfCore\MaktabGram.Infrastructure.EfCore.csproj", "{6F7667AA-E05A-4F39-ADFF-F14AE902CFE3}"
EndProject
Project("{FAE04EC0-301F-11D3-BF4B-00C04F79EFBC}") = "MaktabGram.Domain.Services", "src\02.Services\MaktabGram.Services\MaktabGram.Domain.Services.csproj", "{D638A566-58AA-45C8-8497-9260B9B61AA0}"
EndProject
Project("{FAE04EC0-301F-11D3-BF4B-00C04F79EFBC}") = "MaktabGram.Domain.Core", "src\01.Domain\MaktabGram.Domain\MaktabGram.Domain.Core.csproj", "{F362A355-8380-4795-8319-D8D30AD2582C}"
EndProject
Project("{2150E333-8FDC-42A3-9474-1A3956D46DE8}") = "00.Framework", "00.Framework", "{501AA2B3-2888-46F1-80EB-4CD47B309AF4}"
EndProject
Project("{FAE04EC0-301F-11D3-BF4B-00C04F79EFBC}") = "MaktabGram.Framework", "src\00.Framework\MaktabGram.Framework\MaktabGram.Framework.csproj", "{056DF318-BD5C-45C7-B413-5749961A1C68}"
EndProject
Project("{FAE04EC0-301F-11D3-BF4B-00C04F79EFBC}") = "MaktabGram.Presentation.MVC", "src\04.Presentation\MaktabGram.Presentation.MVC\MaktabGram.Presentation.MVC.csproj", "{50F3765E-B667-40AB-B1AD-66905211B41D}"
EndProject
Project("{2150E333-8FDC-42A3-9474-1A3956D46DE8}") = "Core", "Core", "{05011BD5-BC93-4F24-A6BB-D4B422BF44B8}"
EndProject
Project("{2150E333-8FDC-42A3-9474-1A3956D46DE8}") = "Services", "Services", "{7D056DD3-281C-4F13-B56A-0CD37F2E30AE}"
EndProject
Project("{FAE04EC0-301F-11D3-BF4B-00C04F79EFBC}") = "MaktabGram.Domain.ApplicationServices", "src\01.Domain\Services\ApplicationServices\MaktabGram.Domain.ApplicationServices\MaktabGram.Domain.ApplicationServices.csproj", "{FD83A9A7-504C-4832-8A70-55E52610F051}"
EndProject
Project("{FAE04EC0-301F-11D3-BF4B-00C04F79EFBC}") = "MaktabGram.Infrastructure.FileService", "src\03.Infrastructure\MaktabGram.Infrastructure.FileService\MaktabGram.Infrastructure.FileService.csproj", "{09331A36-5F4F-456A-BE9E-BF43CA866E49}"
EndProject
Project("{FAE04EC0-301F-11D3-BF4B-00C04F79EFBC}") = "MaktabGram.Presentation.RazorPages", "src\04.Presentation\MaktabGram.Presentation.RazorPages\MaktabGram.Presentation.RazorPages.csproj", "{1FD8F685-8795-4021-9F3C-C114BF7F8292}"
EndProject
Project("{FAE04EC0-301F-11D3-BF4B-00C04F79EFBC}") = "MaktabGram.Infrastructure.Notifications", "src\03.Infrastructure\MaktabGram.Infrastructure.Notifications\MaktabGram.Infrastructure.Notifications.csproj", "{F677B42B-4FE9-4282-92A4-C9AD1061149F}"
EndProject
Project("{FAE04EC0-301F-11D3-BF4B-00C04F79EFBC}") = "MaktabGram.Presentation.Api", "src\04.Presentation\MaktabGram.Presentation.Api\MaktabGram.Presentation.Api.csproj", "{62B705B6-91D6-42C3-B370-C008D9630289}"
EndProject
Global
	GlobalSection(SolutionConfigurationPlatforms) = preSolution
		Debug|Any CPU = Debug|Any CPU
		Release|Any CPU = Release|Any CPU
	EndGlobalSection
	GlobalSection(ProjectConfigurationPlatforms) = postSolution
		{6F7667AA-E05A-4F39-ADFF-F14AE902CFE3}.Debug|Any CPU.ActiveCfg = Debug|Any CPU
		{6F7667AA-E05A-4F39-ADFF-F14AE902CFE3}.Debug|Any CPU.Build.0 = Debug|Any CPU
		{6F7667AA-E05A-4F39-ADFF-F14AE902CFE3}.Release|Any CPU.ActiveCfg = Release|Any CPU
		{6F7667AA-E05A-4F39-ADFF-F14AE902CFE3}.Release|Any CPU.Build.0 = Release|Any CPU
		{D638A566-58AA-45C8-8497-9260B9B61AA0}.Debug|Any CPU.ActiveCfg = Debug|Any CPU
		{D638A566-58AA-45C8-8497-9260B9B61AA0}.Debug|Any CPU.Build.0 = Debug|Any CPU
		{D638A566-58AA-45C8-8497-9260B9B61AA0}.Release|Any CPU.ActiveCfg = Release|Any CPU
		{D638A566-58AA-45C8-8497-9260B9B61AA0}.Release|Any CPU.Build.0 = Release|Any CPU
		{F362A355-8380-4795-8319-D8D30AD2582C}.Debug|Any CPU.ActiveCfg = Debug|Any CPU
		{F362A355-8380-4795-8319-D8D30AD2582C}.Debug|Any CPU.Build.0 = Debug|Any CPU
		{F362A355-8380-4795-8319-D8D30AD2582C}.Release|Any CPU.ActiveCfg = Release|Any CPU
		{F362A355-8380-4795-8319-D8D30AD2582C}.Release|Any CPU.Build.0 = Release|Any CPU
		{056DF318-BD5C-45C7-B413-5749961A1C68}.Debug|Any CPU.ActiveCfg = Debug|Any CPU
		{056DF318-BD5C-45C7-B413-5749961A1C68}.Debug|Any CPU.Build.0 = Debug|Any CPU
		{056DF318-BD5C-45C7-B413-5749961A1C68}.Release|Any CPU.ActiveCfg = Release|Any CPU
		{056DF318-BD5C-45C7-B413-5749961A1C68}.Release|Any CPU.Build.0 = Release|Any CPU
		{50F3765E-B667-40AB-B1AD-66905211B41D}.Debug|Any CPU.ActiveCfg = Debug|Any CPU
		{50F3765E-B667-40AB-B1AD-66905211B41D}.Debug|Any CPU.Build.0 = Debug|Any CPU
		{50F3765E-B667-40AB-B1AD-66905211B41D}.Release|Any CPU.ActiveCfg = Release|Any CPU
		{50F3765E-B667-40AB-B1AD-66905211B41D}.Release|Any CPU.Build.0 = Release|Any CPU
		{FD83A9A7-504C-4832-8A70-55E52610F051}.Debug|Any CPU.ActiveCfg = Debug|Any CPU
		{FD83A9A7-504C-4832-8A70-55E52610F051}.Debug|Any CPU.Build.0 = Debug|Any CPU
		{FD83A9A7-504C-4832-8A70-55E52610F051}.Release|Any CPU.ActiveCfg = Release|Any CPU
		{FD83A9A7-504C-4832-8A70-55E52610F051}.Release|Any CPU.Build.0 = Release|Any CPU
		{09331A36-5F4F-456A-BE9E-BF43CA866E49}.Debug|Any CPU.ActiveCfg = Debug|Any CPU
		{09331A36-5F4F-456A-BE9E-BF43CA866E49}.Debug|Any CPU.Build.0 = Debug|Any CPU
		{09331A36-5F4F-456A-BE9E-BF43CA866E49}.Release|Any CPU.ActiveCfg = Release|Any CPU
		{09331A36-5F4F-456A-BE9E-BF43CA866E49}.Release|Any CPU.Build.0 = Release|Any CPU
		{1FD8F685-8795-4021-9F3C-C114BF7F8292}.Debug|Any CPU.ActiveCfg = Debug|Any CPU
		{1FD8F685-8795-4021-9F3C-C114BF7F8292}.Debug|Any CPU.Build.0 = Debug|Any CPU
		{1FD8F685-8795-4021-9F3C-C114BF7F8292}.Release|Any CPU.ActiveCfg = Release|Any CPU
		{1FD8F685-8795-4021-9F3C-C114BF7F8292}.Release|Any CPU.Build.0 = Release|Any CPU
		{F677B42B-4FE9-4282-92A4-C9AD1061149F}.Debug|Any CPU.ActiveCfg = Debug|Any CPU
		{F677B42B-4FE9-4282-92A4-C9AD1061149F}.Debug|Any CPU.Build.0 = Debug|Any CPU
		{F677B42B-4FE9-4282-92A4-C9AD1061149F}.Release|Any CPU.ActiveCfg = Release|Any CPU
		{F677B42B-4FE9-4282-92A4-C9AD1061149F}.Release|Any CPU.Build.0 = Release|Any CPU
		{62B705B6-91D6-42C3-B370-C008D9630289}.Debug|Any CPU.ActiveCfg = Debug|Any CPU
		{62B705B6-91D6-42C3-B370-C008D9630289}.Debug|Any CPU.Build.0 = Debug|Any CPU
		{62B705B6-91D6-42C3-B370-C008D9630289}.Release|Any CPU.ActiveCfg = Release|Any CPU
		{62B705B6-91D6-42C3-B370-C008D9630289}.Release|Any CPU.Build.0 = Release|Any CPU
	EndGlobalSection
	GlobalSection(SolutionProperties) = preSolution
		HideSolutionNode = FALSE
	EndGlobalSection
	GlobalSection(NestedProjects) = preSolution
		{D3D009D4-F8FA-49EA-ADA9-A6E8F9010EFC} = {02EA681E-C7D8-13C7-8484-4AC65E1B71E8}
		{7BF53CEA-BBEA-4B23-AB41-59B6CD8D2B37} = {02EA681E-C7D8-13C7-8484-4AC65E1B71E8}
		{6E696498-1182-4C26-B3C9-5AC1C0C6AE63} = {02EA681E-C7D8-13C7-8484-4AC65E1B71E8}
		{6F7667AA-E05A-4F39-ADFF-F14AE902CFE3} = {D3D009D4-F8FA-49EA-ADA9-A6E8F9010EFC}
		{D638A566-58AA-45C8-8497-9260B9B61AA0} = {7D056DD3-281C-4F13-B56A-0CD37F2E30AE}
		{F362A355-8380-4795-8319-D8D30AD2582C} = {05011BD5-BC93-4F24-A6BB-D4B422BF44B8}
		{056DF318-BD5C-45C7-B413-5749961A1C68} = {501AA2B3-2888-46F1-80EB-4CD47B309AF4}
		{50F3765E-B667-40AB-B1AD-66905211B41D} = {6E696498-1182-4C26-B3C9-5AC1C0C6AE63}
		{05011BD5-BC93-4F24-A6BB-D4B422BF44B8} = {7BF53CEA-BBEA-4B23-AB41-59B6CD8D2B37}
		{7D056DD3-281C-4F13-B56A-0CD37F2E30AE} = {7BF53CEA-BBEA-4B23-AB41-59B6CD8D2B37}
		{FD83A9A7-504C-4832-8A70-55E52610F051} = {7D056DD3-281C-4F13-B56A-0CD37F2E30AE}
		{09331A36-5F4F-456A-BE9E-BF43CA866E49} = {D3D009D4-F8FA-49EA-ADA9-A6E8F9010EFC}
		{1FD8F685-8795-4021-9F3C-C114BF7F8292} = {6E696498-1182-4C26-B3C9-5AC1C0C6AE63}
		{F677B42B-4FE9-4282-92A4-C9AD1061149F} = {D3D009D4-F8FA-49EA-ADA9-A6E8F9010EFC}
		{62B705B6-91D6-42C3-B370-C008D9630289} = {6E696498-1182-4C26-B3C9-5AC1C0C6AE63}
	EndGlobalSection
	GlobalSection(ExtensibilityGlobals) = postSolution
		SolutionGuid = {343B6C32-145C-418D-B09C-F41664B6A4D7}
	EndGlobalSection
EndGlobal
